{
  "name": "src",
  "lockfileVersion": 3,
  "requires": true,
  "packages": {
    "": {
      "dependencies": {
        "hono": "^4.7.4"
      },
      "devDependencies": {
        "@cloudflare/workers-types": "^4.20250317.0"
      }
    },
    "node_modules/@cloudflare/workers-types": {
      "version": "4.20250317.0",
      "resolved": "https://registry.npmjs.org/@cloudflare/workers-types/-/workers-types-4.20250317.0.tgz",
      "integrity": "sha512-ud1x5D1ksDIdx35jsx6wG9G8a/SLeg7kfGv/c732umLYn7I+DZ7TdKTvM1LaWTLzp+yYGyXZOrInJywfUU8bVw==",
      "dev": true,
      "license": "MIT OR Apache-2.0"
    },
    "node_modules/hono": {
      "version": "4.7.4",
      "resolved": "https://registry.npmjs.org/hono/-/hono-4.7.4.tgz",
      "integrity": "sha512-Pst8FuGqz3L7tFF+u9Pu70eI0xa5S3LPUmrNd5Jm8nTHze9FxLTK9Kaj5g/k4UcwuJSXTP65SyHOPLrffpcAJg==",
      "license": "MIT",
      "engines": {
        "node": ">=16.9.0"
      }
    }
  }
}
